
Microsoft Visual Studio Solution File, Format Version 12.00
# Visual Studio 2017
Project("{FAE04EC0-301F-11D3-BF4B-00C04F79EFBC}") = "BD", "BD.csproj", "{FD8EC2E9-CDFF-0D82-CEE3-47711CABCBFD}"
EndProject
Global
	GlobalSection(SolutionConfigurationPlatforms) = preSolution
		Debug|Any CPU = Debug|Any CPU
		Release|Any CPU = Release|Any CPU
	EndGlobalSection
	GlobalSection(ProjectConfigurationPlatforms) = postSolution
		{FD8EC2E9-CDFF-0D82-CEE3-47711CABCBFD}.Debug|Any CPU.ActiveCfg = Debug|Any CPU
		{FD8EC2E9-CDFF-0D82-CEE3-47711CABCBFD}.Debug|Any CPU.Build.0 = Debug|Any CPU
		{FD8EC2E9-CDFF-0D82-CEE3-47711CABCBFD}.Release|Any CPU.ActiveCfg = Release|Any CPU
		{FD8EC2E9-CDFF-0D82-CEE3-47711CABCBFD}.Release|Any CPU.Build.0 = Release|Any CPU
	EndGlobalSection
	GlobalSection(SolutionProperties) = preSolution
		HideSolutionNode = FALSE
	EndGlobalSection
EndGlobal
